
Microsoft Visual Studio Solution File, Format Version 12.00
# Visual Studio Version 17
VisualStudioVersion = 17.2.32630.192
MinimumVisualStudioVersion = 10.0.40219.1
Project("{9A19103F-16F7-4668-BE54-9A1E7A4F7556}") = "MailGraphAnalysis", "MailGraphAnalysis\MailGraphAnalysis.csproj", "{0D86E2FB-BB39-4B01-AE07-9799B247EBB9}"
EndProject
Project("{9A19103F-16F7-4668-BE54-9A1E7A4F7556}") = "MailGraphAnalysis.DTO", "MailGraphAnalysis.DTO\MailGraphAnalysis.DTO.csproj", "{77A43740-DAE5-414C-B881-BB25920F6718}"
EndProject
Project("{9A19103F-16F7-4668-BE54-9A1E7A4F7556}") = "MailGraphAnalysis.Data", "MailGraphAnalysis.DB\MailGraphAnalysis.Data.csproj", "{BC984FBA-8D92-450B-A985-EC2DE4168411}"
EndProject
Project("{9A19103F-16F7-4668-BE54-9A1E7A4F7556}") = "MailGraphAnalysis.Contracts", "MailGraphAnalysis.Contracts\MailGraphAnalysis.Contracts.csproj", "{53D08629-CC20-4507-AAC1-DDB617392842}"
EndProject
Project("{9A19103F-16F7-4668-BE54-9A1E7A4F7556}") = "MailGraphAnalysis.Logic", "MailGraphAnalysis.Service\MailGraphAnalysis.Logic.csproj", "{5807E4E3-E9F8-4BA4-8F33-0F720FB3BBFA}"
EndProject
Project("{9A19103F-16F7-4668-BE54-9A1E7A4F7556}") = "MailGraphAnalysis.Entity", "MailGraphAnalysis.Data.Model\MailGraphAnalysis.Entity.csproj", "{08D2ADA6-5FF3-4AE7-9732-C44A1E4E2901}"
EndProject
Global
	GlobalSection(SolutionConfigurationPlatforms) = preSolution
		Debug|Any CPU = Debug|Any CPU
		Debug|ARM = Debug|ARM
		Debug|ARM64 = Debug|ARM64
		Debug|x64 = Debug|x64
		Debug|x86 = Debug|x86
		Release|Any CPU = Release|Any CPU
		Release|ARM = Release|ARM
		Release|ARM64 = Release|ARM64
		Release|x64 = Release|x64
		Release|x86 = Release|x86
	EndGlobalSection
	GlobalSection(ProjectConfigurationPlatforms) = postSolution
		{0D86E2FB-BB39-4B01-AE07-9799B247EBB9}.Debug|Any CPU.ActiveCfg = Debug|Any CPU
		{0D86E2FB-BB39-4B01-AE07-9799B247EBB9}.Debug|Any CPU.Build.0 = Debug|Any CPU
		{0D86E2FB-BB39-4B01-AE07-9799B247EBB9}.Debug|ARM.ActiveCfg = Debug|Any CPU
		{0D86E2FB-BB39-4B01-AE07-9799B247EBB9}.Debug|ARM.Build.0 = Debug|Any CPU
		{0D86E2FB-BB39-4B01-AE07-9799B247EBB9}.Debug|ARM64.ActiveCfg = Debug|Any CPU
		{0D86E2FB-BB39-4B01-AE07-9799B247EBB9}.Debug|ARM64.Build.0 = Debug|Any CPU
		{0D86E2FB-BB39-4B01-AE07-9799B247EBB9}.Debug|x64.ActiveCfg = Debug|Any CPU
		{0D86E2FB-BB39-4B01-AE07-9799B247EBB9}.Debug|x64.Build.0 = Debug|Any CPU
		{0D86E2FB-BB39-4B01-AE07-9799B247EBB9}.Debug|x86.ActiveCfg = Debug|Any CPU
		{0D86E2FB-BB39-4B01-AE07-9799B247EBB9}.Debug|x86.Build.0 = Debug|Any CPU
		{0D86E2FB-BB39-4B01-AE07-9799B247EBB9}.Release|Any CPU.ActiveCfg = Release|Any CPU
		{0D86E2FB-BB39-4B01-AE07-9799B247EBB9}.Release|Any CPU.Build.0 = Release|Any CPU
		{0D86E2FB-BB39-4B01-AE07-9799B247EBB9}.Release|ARM.ActiveCfg = Release|Any CPU
		{0D86E2FB-BB39-4B01-AE07-9799B247EBB9}.Release|ARM.Build.0 = Release|Any CPU
		{0D86E2FB-BB39-4B01-AE07-9799B247EBB9}.Release|ARM64.ActiveCfg = Release|Any CPU
		{0D86E2FB-BB39-4B01-AE07-9799B247EBB9}.Release|ARM64.Build.0 = Release|Any CPU
		{0D86E2FB-BB39-4B01-AE07-9799B247EBB9}.Release|x64.ActiveCfg = Release|Any CPU
		{0D86E2FB-BB39-4B01-AE07-9799B247EBB9}.Release|x64.Build.0 = Release|Any CPU
		{0D86E2FB-BB39-4B01-AE07-9799B247EBB9}.Release|x86.ActiveCfg = Release|Any CPU
		{0D86E2FB-BB39-4B01-AE07-9799B247EBB9}.Release|x86.Build.0 = Release|Any CPU
		{77A43740-DAE5-414C-B881-BB25920F6718}.Debug|Any CPU.ActiveCfg = Debug|Any CPU
		{77A43740-DAE5-414C-B881-BB25920F6718}.Debug|Any CPU.Build.0 = Debug|Any CPU
		{77A43740-DAE5-414C-B881-BB25920F6718}.Debug|ARM.ActiveCfg = Debug|Any CPU
		{77A43740-DAE5-414C-B881-BB25920F6718}.Debug|ARM.Build.0 = Debug|Any CPU
		{77A43740-DAE5-414C-B881-BB25920F6718}.Debug|ARM64.ActiveCfg = Debug|Any CPU
		{77A43740-DAE5-414C-B881-BB25920F6718}.Debug|ARM64.Build.0 = Debug|Any CPU
		{77A43740-DAE5-414C-B881-BB25920F6718}.Debug|x64.ActiveCfg = Debug|Any CPU
		{77A43740-DAE5-414C-B881-BB25920F6718}.Debug|x64.Build.0 = Debug|Any CPU
		{77A43740-DAE5-414C-B881-BB25920F6718}.Debug|x86.ActiveCfg = Debug|Any CPU
		{77A43740-DAE5-414C-B881-BB25920F6718}.Debug|x86.Build.0 = Debug|Any CPU
		{77A43740-DAE5-414C-B881-BB25920F6718}.Release|Any CPU.ActiveCfg = Release|Any CPU
		{77A43740-DAE5-414C-B881-BB25920F6718}.Release|Any CPU.Build.0 = Release|Any CPU
		{77A43740-DAE5-414C-B881-BB25920F6718}.Release|ARM.ActiveCfg = Release|Any CPU
		{77A43740-DAE5-414C-B881-BB25920F6718}.Release|ARM.Build.0 = Release|Any CPU
		{77A43740-DAE5-414C-B881-BB25920F6718}.Release|ARM64.ActiveCfg = Release|Any CPU
		{77A43740-DAE5-414C-B881-BB25920F6718}.Release|ARM64.Build.0 = Release|Any CPU
		{77A43740-DAE5-414C-B881-BB25920F6718}.Release|x64.ActiveCfg = Release|Any CPU
		{77A43740-DAE5-414C-B881-BB25920F6718}.Release|x64.Build.0 = Release|Any CPU
		{77A43740-DAE5-414C-B881-BB25920F6718}.Release|x86.ActiveCfg = Release|Any CPU
		{77A43740-DAE5-414C-B881-BB25920F6718}.Release|x86.Build.0 = Release|Any CPU
		{BC984FBA-8D92-450B-A985-EC2DE4168411}.Debug|Any CPU.ActiveCfg = Debug|Any CPU
		{BC984FBA-8D92-450B-A985-EC2DE4168411}.Debug|Any CPU.Build.0 = Debug|Any CPU
		{BC984FBA-8D92-450B-A985-EC2DE4168411}.Debug|ARM.ActiveCfg = Debug|Any CPU
		{BC984FBA-8D92-450B-A985-EC2DE4168411}.Debug|ARM.Build.0 = Debug|Any CPU
		{BC984FBA-8D92-450B-A985-EC2DE4168411}.Debug|ARM64.ActiveCfg = Debug|Any CPU
		{BC984FBA-8D92-450B-A985-EC2DE4168411}.Debug|ARM64.Build.0 = Debug|Any CPU
		{BC984FBA-8D92-450B-A985-EC2DE4168411}.Debug|x64.ActiveCfg = Debug|Any CPU
		{BC984FBA-8D92-450B-A985-EC2DE4168411}.Debug|x64.Build.0 = Debug|Any CPU
		{BC984FBA-8D92-450B-A985-EC2DE4168411}.Debug|x86.ActiveCfg = Debug|Any CPU
		{BC984FBA-8D92-450B-A985-EC2DE4168411}.Debug|x86.Build.0 = Debug|Any CPU
		{BC984FBA-8D92-450B-A985-EC2DE4168411}.Release|Any CPU.ActiveCfg = Release|Any CPU
		{BC984FBA-8D92-450B-A985-EC2DE4168411}.Release|Any CPU.Build.0 = Release|Any CPU
		{BC984FBA-8D92-450B-A985-EC2DE4168411}.Release|ARM.ActiveCfg = Release|Any CPU
		{BC984FBA-8D92-450B-A985-EC2DE4168411}.Release|ARM.Build.0 = Release|Any CPU
		{BC984FBA-8D92-450B-A985-EC2DE4168411}.Release|ARM64.ActiveCfg = Release|Any CPU
		{BC984FBA-8D92-450B-A985-EC2DE4168411}.Release|ARM64.Build.0 = Release|Any CPU
		{BC984FBA-8D92-450B-A985-EC2DE4168411}.Release|x64.ActiveCfg = Release|Any CPU
		{BC984FBA-8D92-450B-A985-EC2DE4168411}.Release|x64.Build.0 = Release|Any CPU
		{BC984FBA-8D92-450B-A985-EC2DE4168411}.Release|x86.ActiveCfg = Release|Any CPU
		{BC984FBA-8D92-450B-A985-EC2DE4168411}.Release|x86.Build.0 = Release|Any CPU
		{53D08629-CC20-4507-AAC1-DDB617392842}.Debug|Any CPU.ActiveCfg = Debug|Any CPU
		{53D08629-CC20-4507-AAC1-DDB617392842}.Debug|Any CPU.Build.0 = Debug|Any CPU
		{53D08629-CC20-4507-AAC1-DDB617392842}.Debug|ARM.ActiveCfg = Debug|Any CPU
		{53D08629-CC20-4507-AAC1-DDB617392842}.Debug|ARM.Build.0 = Debug|Any CPU
		{53D08629-CC20-4507-AAC1-DDB617392842}.Debug|ARM64.ActiveCfg = Debug|Any CPU
		{53D08629-CC20-4507-AAC1-DDB617392842}.Debug|ARM64.Build.0 = Debug|Any CPU
		{53D08629-CC20-4507-AAC1-DDB617392842}.Debug|x64.ActiveCfg = Debug|Any CPU
		{53D08629-CC20-4507-AAC1-DDB617392842}.Debug|x64.Build.0 = Debug|Any CPU
		{53D08629-CC20-4507-AAC1-DDB617392842}.Debug|x86.ActiveCfg = Debug|Any CPU
		{53D08629-CC20-4507-AAC1-DDB617392842}.Debug|x86.Build.0 = Debug|Any CPU
		{53D08629-CC20-4507-AAC1-DDB617392842}.Release|Any CPU.ActiveCfg = Release|Any CPU
		{53D08629-CC20-4507-AAC1-DDB617392842}.Release|Any CPU.Build.0 = Release|Any CPU
		{53D08629-CC20-4507-AAC1-DDB617392842}.Release|ARM.ActiveCfg = Release|Any CPU
		{53D08629-CC20-4507-AAC1-DDB617392842}.Release|ARM.Build.0 = Release|Any CPU
		{53D08629-CC20-4507-AAC1-DDB617392842}.Release|ARM64.ActiveCfg = Release|Any CPU
		{53D08629-CC20-4507-AAC1-DDB617392842}.Release|ARM64.Build.0 = Release|Any CPU
		{53D08629-CC20-4507-AAC1-DDB617392842}.Release|x64.ActiveCfg = Release|Any CPU
		{53D08629-CC20-4507-AAC1-DDB617392842}.Release|x64.Build.0 = Release|Any CPU
		{53D08629-CC20-4507-AAC1-DDB617392842}.Release|x86.ActiveCfg = Release|Any CPU
		{53D08629-CC20-4507-AAC1-DDB617392842}.Release|x86.Build.0 = Release|Any CPU
		{5807E4E3-E9F8-4BA4-8F33-0F720FB3BBFA}.Debug|Any CPU.ActiveCfg = Debug|Any CPU
		{5807E4E3-E9F8-4BA4-8F33-0F720FB3BBFA}.Debug|Any CPU.Build.0 = Debug|Any CPU
		{5807E4E3-E9F8-4BA4-8F33-0F720FB3BBFA}.Debug|ARM.ActiveCfg = Debug|Any CPU
		{5807E4E3-E9F8-4BA4-8F33-0F720FB3BBFA}.Debug|ARM.Build.0 = Debug|Any CPU
		{5807E4E3-E9F8-4BA4-8F33-0F720FB3BBFA}.Debug|ARM64.ActiveCfg = Debug|Any CPU
		{5807E4E3-E9F8-4BA4-8F33-0F720FB3BBFA}.Debug|ARM64.Build.0 = Debug|Any CPU
		{5807E4E3-E9F8-4BA4-8F33-0F720FB3BBFA}.Debug|x64.ActiveCfg = Debug|Any CPU
		{5807E4E3-E9F8-4BA4-8F33-0F720FB3BBFA}.Debug|x64.Build.0 = Debug|Any CPU
		{5807E4E3-E9F8-4BA4-8F33-0F720FB3BBFA}.Debug|x86.ActiveCfg = Debug|Any CPU
		{5807E4E3-E9F8-4BA4-8F33-0F720FB3BBFA}.Debug|x86.Build.0 = Debug|Any CPU
		{5807E4E3-E9F8-4BA4-8F33-0F720FB3BBFA}.Release|Any CPU.ActiveCfg = Release|Any CPU
		{5807E4E3-E9F8-4BA4-8F33-0F720FB3BBFA}.Release|Any CPU.Build.0 = Release|Any CPU
		{5807E4E3-E9F8-4BA4-8F33-0F720FB3BBFA}.Release|ARM.ActiveCfg = Release|Any CPU
		{5807E4E3-E9F8-4BA4-8F33-0F720FB3BBFA}.Release|ARM.Build.0 = Release|Any CPU
		{5807E4E3-E9F8-4BA4-8F33-0F720FB3BBFA}.Release|ARM64.ActiveCfg = Release|Any CPU
		{5807E4E3-E9F8-4BA4-8F33-0F720FB3BBFA}.Release|ARM64.Build.0 = Release|Any CPU
		{5807E4E3-E9F8-4BA4-8F33-0F720FB3BBFA}.Release|x64.ActiveCfg = Release|Any CPU
		{5807E4E3-E9F8-4BA4-8F33-0F720FB3BBFA}.Release|x64.Build.0 = Release|Any CPU
		{5807E4E3-E9F8-4BA4-8F33-0F720FB3BBFA}.Release|x86.ActiveCfg = Release|Any CPU
		{5807E4E3-E9F8-4BA4-8F33-0F720FB3BBFA}.Release|x86.Build.0 = Release|Any CPU
		{08D2ADA6-5FF3-4AE7-9732-C44A1E4E2901}.Debug|Any CPU.ActiveCfg = Debug|Any CPU
		{08D2ADA6-5FF3-4AE7-9732-C44A1E4E2901}.Debug|Any CPU.Build.0 = Debug|Any CPU
		{08D2ADA6-5FF3-4AE7-9732-C44A1E4E2901}.Debug|ARM.ActiveCfg = Debug|Any CPU
		{08D2ADA6-5FF3-4AE7-9732-C44A1E4E2901}.Debug|ARM.Build.0 = Debug|Any CPU
		{08D2ADA6-5FF3-4AE7-9732-C44A1E4E2901}.Debug|ARM64.ActiveCfg = Debug|Any CPU
		{08D2ADA6-5FF3-4AE7-9732-C44A1E4E2901}.Debug|ARM64.Build.0 = Debug|Any CPU
		{08D2ADA6-5FF3-4AE7-9732-C44A1E4E2901}.Debug|x64.ActiveCfg = Debug|Any CPU
		{08D2ADA6-5FF3-4AE7-9732-C44A1E4E2901}.Debug|x64.Build.0 = Debug|Any CPU
		{08D2ADA6-5FF3-4AE7-9732-C44A1E4E2901}.Debug|x86.ActiveCfg = Debug|Any CPU
		{08D2ADA6-5FF3-4AE7-9732-C44A1E4E2901}.Debug|x86.Build.0 = Debug|Any CPU
		{08D2ADA6-5FF3-4AE7-9732-C44A1E4E2901}.Release|Any CPU.ActiveCfg = Release|Any CPU
		{08D2ADA6-5FF3-4AE7-9732-C44A1E4E2901}.Release|Any CPU.Build.0 = Release|Any CPU
		{08D2ADA6-5FF3-4AE7-9732-C44A1E4E2901}.Release|ARM.ActiveCfg = Release|Any CPU
		{08D2ADA6-5FF3-4AE7-9732-C44A1E4E2901}.Release|ARM.Build.0 = Release|Any CPU
		{08D2ADA6-5FF3-4AE7-9732-C44A1E4E2901}.Release|ARM64.ActiveCfg = Release|Any CPU
		{08D2ADA6-5FF3-4AE7-9732-C44A1E4E2901}.Release|ARM64.Build.0 = Release|Any CPU
		{08D2ADA6-5FF3-4AE7-9732-C44A1E4E2901}.Release|x64.ActiveCfg = Release|Any CPU
		{08D2ADA6-5FF3-4AE7-9732-C44A1E4E2901}.Release|x64.Build.0 = Release|Any CPU
		{08D2ADA6-5FF3-4AE7-9732-C44A1E4E2901}.Release|x86.ActiveCfg = Release|Any CPU
		{08D2ADA6-5FF3-4AE7-9732-C44A1E4E2901}.Release|x86.Build.0 = Release|Any CPU
	EndGlobalSection
	GlobalSection(SolutionProperties) = preSolution
		HideSolutionNode = FALSE
	EndGlobalSection
	GlobalSection(ExtensibilityGlobals) = postSolution
		SolutionGuid = {4BD55FD4-0FBF-4406-A285-2B4CA8B0B237}
	EndGlobalSection
EndGlobal
